
Microsoft Visual Studio Solution File, Format Version 11.00
# Visual Studio 2010
Project("{FAE04EC0-301F-11D3-BF4B-00C04F79EFBC}") = "WorkerProject", "WorkerProject.csproj", "{B8550B8C-BE91-4FBB-8C42-2B10A69BE899}"
EndProject
Project("{FAE04EC0-301F-11D3-BF4B-00C04F79EFBC}") = "Solari.Core", "..\Solari.Core\Solari.Core.csproj", "{3C9F471E-46DD-41EB-8064-64B95228CAE2}"
EndProject
Project("{FAE04EC0-301F-11D3-BF4B-00C04F79EFBC}") = "NanoScript", "..\Nanoscript\NanoScript.csproj", "{8AE4E558-43B1-4F5D-B90A-012BCB84BB8C}"
EndProject
Global
	GlobalSection(SolutionConfigurationPlatforms) = preSolution
		Debug|Any CPU = Debug|Any CPU
		Debug|Mixed Platforms = Debug|Mixed Platforms
		Debug|x86 = Debug|x86
		Release|Any CPU = Release|Any CPU
		Release|Mixed Platforms = Release|Mixed Platforms
		Release|x86 = Release|x86
	EndGlobalSection
	GlobalSection(ProjectConfigurationPlatforms) = postSolution
		{B8550B8C-BE91-4FBB-8C42-2B10A69BE899}.Debug|Any CPU.ActiveCfg = Debug|x86
		{B8550B8C-BE91-4FBB-8C42-2B10A69BE899}.Debug|Mixed Platforms.ActiveCfg = Debug|x86
		{B8550B8C-BE91-4FBB-8C42-2B10A69BE899}.Debug|Mixed Platforms.Build.0 = Debug|x86
		{B8550B8C-BE91-4FBB-8C42-2B10A69BE899}.Debug|x86.ActiveCfg = Debug|x86
		{B8550B8C-BE91-4FBB-8C42-2B10A69BE899}.Debug|x86.Build.0 = Debug|x86
		{B8550B8C-BE91-4FBB-8C42-2B10A69BE899}.Release|Any CPU.ActiveCfg = Release|x86
		{B8550B8C-BE91-4FBB-8C42-2B10A69BE899}.Release|Mixed Platforms.ActiveCfg = Release|x86
		{B8550B8C-BE91-4FBB-8C42-2B10A69BE899}.Release|Mixed Platforms.Build.0 = Release|x86
		{B8550B8C-BE91-4FBB-8C42-2B10A69BE899}.Release|x86.ActiveCfg = Release|x86
		{B8550B8C-BE91-4FBB-8C42-2B10A69BE899}.Release|x86.Build.0 = Release|x86
		{3C9F471E-46DD-41EB-8064-64B95228CAE2}.Debug|Any CPU.ActiveCfg = Debug|Any CPU
		{3C9F471E-46DD-41EB-8064-64B95228CAE2}.Debug|Any CPU.Build.0 = Debug|Any CPU
		{3C9F471E-46DD-41EB-8064-64B95228CAE2}.Debug|Mixed Platforms.ActiveCfg = Debug|Any CPU
		{3C9F471E-46DD-41EB-8064-64B95228CAE2}.Debug|Mixed Platforms.Build.0 = Debug|Any CPU
		{3C9F471E-46DD-41EB-8064-64B95228CAE2}.Debug|x86.ActiveCfg = Debug|Any CPU
		{3C9F471E-46DD-41EB-8064-64B95228CAE2}.Release|Any CPU.ActiveCfg = Release|Any CPU
		{3C9F471E-46DD-41EB-8064-64B95228CAE2}.Release|Any CPU.Build.0 = Release|Any CPU
		{3C9F471E-46DD-41EB-8064-64B95228CAE2}.Release|Mixed Platforms.ActiveCfg = Release|Any CPU
		{3C9F471E-46DD-41EB-8064-64B95228CAE2}.Release|Mixed Platforms.Build.0 = Release|Any CPU
		{3C9F471E-46DD-41EB-8064-64B95228CAE2}.Release|x86.ActiveCfg = Release|Any CPU
		{8AE4E558-43B1-4F5D-B90A-012BCB84BB8C}.Debug|Any CPU.ActiveCfg = Debug|Any CPU
		{8AE4E558-43B1-4F5D-B90A-012BCB84BB8C}.Debug|Any CPU.Build.0 = Debug|Any CPU
		{8AE4E558-43B1-4F5D-B90A-012BCB84BB8C}.Debug|Mixed Platforms.ActiveCfg = Debug|Any CPU
		{8AE4E558-43B1-4F5D-B90A-012BCB84BB8C}.Debug|Mixed Platforms.Build.0 = Debug|Any CPU
		{8AE4E558-43B1-4F5D-B90A-012BCB84BB8C}.Debug|x86.ActiveCfg = Debug|Any CPU
		{8AE4E558-43B1-4F5D-B90A-012BCB84BB8C}.Release|Any CPU.ActiveCfg = Release|Any CPU
		{8AE4E558-43B1-4F5D-B90A-012BCB84BB8C}.Release|Any CPU.Build.0 = Release|Any CPU
		{8AE4E558-43B1-4F5D-B90A-012BCB84BB8C}.Release|Mixed Platforms.ActiveCfg = Release|Any CPU
		{8AE4E558-43B1-4F5D-B90A-012BCB84BB8C}.Release|Mixed Platforms.Build.0 = Release|Any CPU
		{8AE4E558-43B1-4F5D-B90A-012BCB84BB8C}.Release|x86.ActiveCfg = Release|Any CPU
	EndGlobalSection
	GlobalSection(SolutionProperties) = preSolution
		HideSolutionNode = FALSE
	EndGlobalSection
EndGlobal
